// !$*UTF8*$!
{
	archiveVersion = 1;
	classes = {
	};
	objectVersion = 48;
	objects = {

/* Begin PBXBuildFile section */
		076D60B11FB35E1E00FD8980 /* AppDelegate.swift in Sources */ = {isa = PBXBuildFile; fileRef = 076D60B01FB35E1E00FD8980 /* AppDelegate.swift */; };
		076D60B31FB35E1E00FD8980 /* ViewController.swift in Sources */ = {isa = PBXBuildFile; fileRef = 076D60B21FB35E1E00FD8980 /* ViewController.swift */; };
		076D60B61FB35E1E00FD8980 /* Main.storyboard in Resources */ = {isa = PBXBuildFile; fileRef = 076D60B41FB35E1E00FD8980 /* Main.storyboard */; };
		076D60B81FB35E1E00FD8980 /* Assets.xcassets in Resources */ = {isa = PBXBuildFile; fileRef = 076D60B71FB35E1E00FD8980 /* Assets.xcassets */; };
		076D60BB1FB35E1E00FD8980 /* LaunchScreen.storyboard in Resources */ = {isa = PBXBuildFile; fileRef = 076D60B91FB35E1E00FD8980 /* LaunchScreen.storyboard */; };
		076D60C61FB35E1E00FD8980 /* QRScannerTests.swift in Sources */ = {isa = PBXBuildFile; fileRef = 076D60C51FB35E1E00FD8980 /* QRScannerTests.swift */; };
		076D60D11FB35E1E00FD8980 /* QRScannerUITests.swift in Sources */ = {isa = PBXBuildFile; fileRef = 076D60D01FB35E1E00FD8980 /* QRScannerUITests.swift */; };
/* End PBXBuildFile section */

/* Begin PBXContainerItemProxy section */
		076D60C21FB35E1E00FD8980 /* PBXContainerItemProxy */ = {
			isa = PBXContainerItemProxy;
			containerPortal = 076D60A51FB35E1D00FD8980 /* Project object */;
			proxyType = 1;
			remoteGlobalIDString = 076D60AC1FB35E1E00FD8980;
			remoteInfo = QRScanner;
		};
		076D60CD1FB35E1E00FD8980 /* PBXContainerItemProxy */ = {
			isa = PBXContainerItemProxy;
			containerPortal = 076D60A51FB35E1D00FD8980 /* Project object */;
			proxyType = 1;
			remoteGlobalIDString = 076D60AC1FB35E1E00FD8980;
			remoteInfo = QRScanner;
		};
/* End PBXContainerItemProxy section */

/* Begin PBXFileReference section */
		076D60AD1FB35E1E00FD8980 /* QRScanner.app */ = {isa = PBXFileReference; explicitFileType = wrapper.application; includeInIndex = 0; path = QRScanner.app; sourceTree = BUILT_PRODUCTS_DIR; };
		076D60B01FB35E1E00FD8980 /* AppDelegate.swift */ = {isa = PBXFileReference; lastKnownFileType = sourcecode.swift; path = AppDelegate.swift; sourceTree = "<group>"; };
		076D60B21FB35E1E00FD8980 /* ViewController.swift */ = {isa = PBXFileReference; lastKnownFileType = sourcecode.swift; path = ViewController.swift; sourceTree = "<group>"; };
		076D60B51FB35E1E00FD8980 /* Base */ = {isa = PBXFileReference; lastKnownFileType = file.storyboard; name = Base; path = Base.lproj/Main.storyboard; sourceTree = "<group>"; };
		076D60B71FB35E1E00FD8980 /* Assets.xcassets */ = {isa = PBXFileReference; lastKnownFileType = folder.assetcatalog; path = Assets.xcassets; sourceTree = "<group>"; };
		076D60BA1FB35E1E00FD8980 /* Base */ = {isa = PBXFileReference; lastKnownFileType = file.storyboard; name = Base; path = Base.lproj/LaunchScreen.storyboard; sourceTree = "<group>"; };
		076D60BC1FB35E1E00FD8980 /* Info.plist */ = {isa = PBXFileReference; lastKnownFileType = text.plist.xml; path = Info.plist; sourceTree = "<group>"; };
		076D60C11FB35E1E00FD8980 /* QRScannerTests.xctest */ = {isa = PBXFileReference; explicitFileType = wrapper.cfbundle; includeInIndex = 0; path = QRScannerTests.xctest; sourceTree = BUILT_PRODUCTS_DIR; };
		076D60C51FB35E1E00FD8980 /* QRScannerTests.swift */ = {isa = PBXFileReference; lastKnownFileType = sourcecode.swift; path = QRScannerTests.swift; sourceTree = "<group>"; };
		076D60C71FB35E1E00FD8980 /* Info.plist */ = {isa = PBXFileReference; lastKnownFileType = text.plist.xml; path = Info.plist; sourceTree = "<group>"; };
		076D60CC1FB35E1E00FD8980 /* QRScannerUITests.xctest */ = {isa = PBXFileReference; explicitFileType = wrapper.cfbundle; includeInIndex = 0; path = QRScannerUITests.xctest; sourceTree = BUILT_PRODUCTS_DIR; };
		076D60D01FB35E1E00FD8980 /* QRScannerUITests.swift */ = {isa = PBXFileReference; lastKnownFileType = sourcecode.swift; path = QRScannerUITests.swift; sourceTree = "<group>"; };
		076D60D21FB35E1E00FD8980 /* Info.plist */ = {isa = PBXFileReference; lastKnownFileType = text.plist.xml; path = Info.plist; sourceTree = "<group>"; };
/* End PBXFileReference section */

/* Begin PBXFrameworksBuildPhase section */
		076D60AA1FB35E1E00FD8980 /* Frameworks */ = {
			isa = PBXFrameworksBuildPhase;
			buildActionMask = 2147483647;
			files = (
			);
			runOnlyForDeploymentPostprocessing = 0;
		};
		076D60BE1FB35E1E00FD8980 /* Frameworks */ = {
			isa = PBXFrameworksBuildPhase;
			buildActionMask = 2147483647;
			files = (
			);
			runOnlyForDeploymentPostprocessing = 0;
		};
		076D60C91FB35E1E00FD8980 /* Frameworks */ = {
			isa = PBXFrameworksBuildPhase;
			buildActionMask = 2147483647;
			files = (
			);
			runOnlyForDeploymentPostprocessing = 0;
		};
/* End PBXFrameworksBuildPhase section */

/* Begin PBXGroup section */
		076D60A41FB35E1D00FD8980 = {
			isa = PBXGroup;
			children = (
				076D60AF1FB35E1E00FD8980 /* QRScanner */,
				076D60C41FB35E1E00FD8980 /* QRScannerTests */,
				076D60CF1FB35E1E00FD8980 /* QRScannerUITests */,
				076D60AE1FB35E1E00FD8980 /* Products */,
			);
			sourceTree = "<group>";
		};
		076D60AE1FB35E1E00FD8980 /* Products */ = {
			isa = PBXGroup;
			children = (
				076D60AD1FB35E1E00FD8980 /* QRScanner.app */,
				076D60C11FB35E1E00FD8980 /* QRScannerTests.xctest */,
				076D60CC1FB35E1E00FD8980 /* QRScannerUITests.xctest */,
			);
			name = Products;
			sourceTree = "<group>";
		};
		076D60AF1FB35E1E00FD8980 /* QRScanner */ = {
			isa = PBXGroup;
			children = (
				076D60B01FB35E1E00FD8980 /* AppDelegate.swift */,
				076D60B21FB35E1E00FD8980 /* ViewController.swift */,
				076D60B41FB35E1E00FD8980 /* Main.storyboard */,
				076D60B71FB35E1E00FD8980 /* Assets.xcassets */,
				076D60B91FB35E1E00FD8980 /* LaunchScreen.storyboard */,
				076D60BC1FB35E1E00FD8980 /* Info.plist */,
			);
			path = QRScanner;
			sourceTree = "<group>";
		};
		076D60C41FB35E1E00FD8980 /* QRScannerTests */ = {
			isa = PBXGroup;
			children = (
				076D60C51FB35E1E00FD8980 /* QRScannerTests.swift */,
				076D60C71FB35E1E00FD8980 /* Info.plist */,
			);
			path = QRScannerTests;
			sourceTree = "<group>";
		};
		076D60CF1FB35E1E00FD8980 /* QRScannerUITests */ = {
			isa = PBXGroup;
			children = (
				076D60D01FB35E1E00FD8980 /* QRScannerUITests.swift */,
				076D60D21FB35E1E00FD8980 /* Info.plist */,
			);
			path = QRScannerUITests;
			sourceTree = "<group>";
		};
/* End PBXGroup section */

/* Begin PBXNativeTarget section */
		076D60AC1FB35E1E00FD8980 /* QRScanner */ = {
			isa = PBXNativeTarget;
			buildConfigurationList = 076D60D51FB35E1E00FD8980 /* Build configuration list for PBXNativeTarget "QRScanner" */;
			buildPhases = (
				076D60A91FB35E1E00FD8980 /* Sources */,
				076D60AA1FB35E1E00FD8980 /* Frameworks */,
				076D60AB1FB35E1E00FD8980 /* Resources */,
			);
			buildRules = (
			);
			dependencies = (
			);
			name = QRScanner;
			productName = QRScanner;
			productReference = 076D60AD1FB35E1E00FD8980 /* QRScanner.app */;
			productType = "com.apple.product-type.application";
		};
		076D60C01FB35E1E00FD8980 /* QRScannerTests */ = {
			isa = PBXNativeTarget;
			buildConfigurationList = 076D60D81FB35E1E00FD8980 /* Build configuration list for PBXNativeTarget "QRScannerTests" */;
			buildPhases = (
				076D60BD1FB35E1E00FD8980 /* Sources */,
				076D60BE1FB35E1E00FD8980 /* Frameworks */,
				076D60BF1FB35E1E00FD8980 /* Resources */,
			);
			buildRules = (
			);
			dependencies = (
				076D60C31FB35E1E00FD8980 /* PBXTargetDependency */,
			);
			name = QRScannerTests;
			productName = QRScannerTests;
			productReference = 076D60C11FB35E1E00FD8980 /* QRScannerTests.xctest */;
			productType = "com.apple.product-type.bundle.unit-test";
		};
		076D60CB1FB35E1E00FD8980 /* QRScannerUITests */ = {
			isa = PBXNativeTarget;
			buildConfigurationList = 076D60DB1FB35E1E00FD8980 /* Build configuration list for PBXNativeTarget "QRScannerUITests" */;
			buildPhases = (
				076D60C81FB35E1E00FD8980 /* Sources */,
				076D60C91FB35E1E00FD8980 /* Frameworks */,
				076D60CA1FB35E1E00FD8980 /* Resources */,
			);
			buildRules = (
			);
			dependencies = (
				076D60CE1FB35E1E00FD8980 /* PBXTargetDependency */,
			);
			name = QRScannerUITests;
			productName = QRScannerUITests;
			productReference = 076D60CC1FB35E1E00FD8980 /* QRScannerUITests.xctest */;
			productType = "com.apple.product-type.bundle.ui-testing";
		};
/* End PBXNativeTarget section */

/* Begin PBXProject section */
		076D60A51FB35E1D00FD8980 /* Project object */ = {
			isa = PBXProject;
			attributes = {
				LastSwiftUpdateCheck = 0900;
				LastUpgradeCheck = 0900;
				ORGANIZATIONNAME = Habibi;
				TargetAttributes = {
					076D60AC1FB35E1E00FD8980 = {
						CreatedOnToolsVersion = 9.0.1;
						ProvisioningStyle = Automatic;
					};
					076D60C01FB35E1E00FD8980 = {
						CreatedOnToolsVersion = 9.0.1;
						ProvisioningStyle = Automatic;
						TestTargetID = 076D60AC1FB35E1E00FD8980;
					};
					076D60CB1FB35E1E00FD8980 = {
						CreatedOnToolsVersion = 9.0.1;
						ProvisioningStyle = Automatic;
						TestTargetID = 076D60AC1FB35E1E00FD8980;
					};
				};
			};
			buildConfigurationList = 076D60A81FB35E1E00FD8980 /* Build configuration list for PBXProject "QRScanner" */;
			compatibilityVersion = "Xcode 8.0";
			developmentRegion = en;
			hasScannedForEncodings = 0;
			knownRegions = (
				en,
				Base,
			);
			mainGroup = 076D60A41FB35E1D00FD8980;
			productRefGroup = 076D60AE1FB35E1E00FD8980 /* Products */;
			projectDirPath = "";
			projectRoot = "";
			targets = (
				076D60AC1FB35E1E00FD8980 /* QRScanner */,
				076D60C01FB35E1E00FD8980 /* QRScannerTests */,
				076D60CB1FB35E1E00FD8980 /* QRScannerUITests */,
			);
		};
/* End PBXProject section */

/* Begin PBXResourcesBuildPhase section */
		076D60AB1FB35E1E00FD8980 /* Resources */ = {
			isa = PBXResourcesBuildPhase;
			buildActionMask = 2147483647;
			files = (
				076D60BB1FB35E1E00FD8980 /* LaunchScreen.storyboard in Resources */,
				076D60B81FB35E1E00FD8980 /* Assets.xcassets in Resources */,
				076D60B61FB35E1E00FD8980 /* Main.storyboard in Resources */,
			);
			runOnlyForDeploymentPostprocessing = 0;
		};
		076D60BF1FB35E1E00FD8980 /* Resources */ = {
			isa = PBXResourcesBuildPhase;
			buildActionMask = 2147483647;
			files = (
			);
			runOnlyForDeploymentPostprocessing = 0;
		};
		076D60CA1FB35E1E00FD8980 /* Resources */ = {
			isa = PBXResourcesBuildPhase;
			buildActionMask = 2147483647;
			files = (
			);
			runOnlyForDeploymentPostprocessing = 0;
		};
/* End PBXResourcesBuildPhase section */

/* Begin PBXSourcesBuildPhase section */
		076D60A91FB35E1E00FD8980 /* Sources */ = {
			isa = PBXSourcesBuildPhase;
			buildActionMask = 2147483647;
			files = (
				076D60B31FB35E1E00FD8980 /* ViewController.swift in Sources */,
				076D60B11FB35E1E00FD8980 /* AppDelegate.swift in Sources */,
			);
			runOnlyForDeploymentPostprocessing = 0;
		};
		076D60BD1FB35E1E00FD8980 /* Sources */ = {
			isa = PBXSourcesBuildPhase;
			buildActionMask = 2147483647;
			files = (
				076D60C61FB35E1E00FD8980 /* QRScannerTests.swift in Sources */,
			);
			runOnlyForDeploymentPostprocessing = 0;
		};
		076D60C81FB35E1E00FD8980 /* Sources */ = {
			isa = PBXSourcesBuildPhase;
			buildActionMask = 2147483647;
			files = (
				076D60D11FB35E1E00FD8980 /* QRScannerUITests.swift in Sources */,
			);
			runOnlyForDeploymentPostprocessing = 0;
		};
/* End PBXSourcesBuildPhase section */

/* Begin PBXTargetDependency section */
		076D60C31FB35E1E00FD8980 /* PBXTargetDependency */ = {
			isa = PBXTargetDependency;
			target = 076D60AC1FB35E1E00FD8980 /* QRScanner */;
			targetProxy = 076D60C21FB35E1E00FD8980 /* PBXContainerItemProxy */;
		};
		076D60CE1FB35E1E00FD8980 /* PBXTargetDependency */ = {
			isa = PBXTargetDependency;
			target = 076D60AC1FB35E1E00FD8980 /* QRScanner */;
			targetProxy = 076D60CD1FB35E1E00FD8980 /* PBXContainerItemProxy */;
		};
/* End PBXTargetDependency section */

/* Begin PBXVariantGroup section */
		076D60B41FB35E1E00FD8980 /* Main.storyboard */ = {
			isa = PBXVariantGroup;
			children = (
				076D60B51FB35E1E00FD8980 /* Base */,
			);
			name = Main.storyboard;
			sourceTree = "<group>";
		};
		076D60B91FB35E1E00FD8980 /* LaunchScreen.storyboard */ = {
			isa = PBXVariantGroup;
			children = (
				076D60BA1FB35E1E00FD8980 /* Base */,
			);
			name = LaunchScreen.storyboard;
			sourceTree = "<group>";
		};
/* End PBXVariantGroup section */

/* Begin XCBuildConfiguration section */
		076D60D31FB35E1E00FD8980 /* Debug */ = {
			isa = XCBuildConfiguration;
			buildSettings = {
				ALWAYS_SEARCH_USER_PATHS = NO;
				CLANG_ANALYZER_NONNULL = YES;
				CLANG_ANALYZER_NUMBER_OBJECT_CONVERSION = YES_AGGRESSIVE;
				CLANG_CXX_LANGUAGE_STANDARD = "gnu++14";
				CLANG_CXX_LIBRARY = "libc++";
				CLANG_ENABLE_MODULES = YES;
				CLANG_ENABLE_OBJC_ARC = YES;
				CLANG_WARN_BLOCK_CAPTURE_AUTORELEASING = YES;
				CLANG_WARN_BOOL_CONVERSION = YES;
				CLANG_WARN_COMMA = YES;
				CLANG_WARN_CONSTANT_CONVERSION = YES;
				CLANG_WARN_DIRECT_OBJC_ISA_USAGE = YES_ERROR;
				CLANG_WARN_DOCUMENTATION_COMMENTS = YES;
				CLANG_WARN_EMPTY_BODY = YES;
				CLANG_WARN_ENUM_CONVERSION = YES;
				CLANG_WARN_INFINITE_RECURSION = YES;
				CLANG_WARN_INT_CONVERSION = YES;
				CLANG_WARN_NON_LITERAL_NULL_CONVERSION = YES;
				CLANG_WARN_OBJC_LITERAL_CONVERSION = YES;
				CLANG_WARN_OBJC_ROOT_CLASS = YES_ERROR;
				CLANG_WARN_RANGE_LOOP_ANALYSIS = YES;
				CLANG_WARN_STRICT_PROTOTYPES = YES;
				CLANG_WARN_SUSPICIOUS_MOVE = YES;
				CLANG_WARN_UNGUARDED_AVAILABILITY = YES_AGGRESSIVE;
				CLANG_WARN_UNREACHABLE_CODE = YES;
				CLANG_WARN__DUPLICATE_METHOD_MATCH = YES;
				CODE_SIGN_IDENTITY = "iPhone Developer";
				COPY_PHASE_STRIP = NO;
				DEBUG_INFORMATION_FORMAT = dwarf;
				ENABLE_STRICT_OBJC_MSGSEND = YES;
				ENABLE_TESTABILITY = YES;
				GCC_C_LANGUAGE_STANDARD = gnu11;
				GCC_DYNAMIC_NO_PIC = NO;
				GCC_NO_COMMON_BLOCKS = YES;
				GCC_OPTIMIZATION_LEVEL = 0;
				GCC_PREPROCESSOR_DEFINITIONS = (
					"DEBUG=1",
					"$(inherited)",
				);
				GCC_WARN_64_TO_32_BIT_CONVERSION = YES;
				GCC_WARN_ABOUT_RETURN_TYPE = YES_ERROR;
				GCC_WARN_UNDECLARED_SELECTOR = YES;
				GCC_WARN_UNINITIALIZED_AUTOS = YES_AGGRESSIVE;
				GCC_WARN_UNUSED_FUNCTION = YES;
				GCC_WARN_UNUSED_VARIABLE = YES;
				IPHONEOS_DEPLOYMENT_TARGET = 11.0;
				MTL_ENABLE_DEBUG_INFO = YES;
				ONLY_ACTIVE_ARCH = YES;
				SDKROOT = iphoneos;
				SWIFT_ACTIVE_COMPILATION_CONDITIONS = DEBUG;
				SWIFT_OPTIMIZATION_LEVEL = "-Onone";
			};
			name = Debug;
		};
		076D60D41FB35E1E00FD8980 /* Release */ = {
			isa = XCBuildConfiguration;
			buildSettings = {
				ALWAYS_SEARCH_USER_PATHS = NO;
				CLANG_ANALYZER_NONNULL = YES;
				CLANG_ANALYZER_NUMBER_OBJECT_CONVERSION = YES_AGGRESSIVE;
				CLANG_CXX_LANGUAGE_STANDARD = "gnu++14";
				CLANG_CXX_LIBRARY = "libc++";
				CLANG_ENABLE_MODULES = YES;
				CLANG_ENABLE_OBJC_ARC = YES;
				CLANG_WARN_BLOCK_CAPTURE_AUTORELEASING = YES;
				CLANG_WARN_BOOL_CONVERSION = YES;
				CLANG_WARN_COMMA = YES;
				CLANG_WARN_CONSTANT_CONVERSION = YES;
				CLANG_WARN_DIRECT_OBJC_ISA_USAGE = YES_ERROR;
				CLANG_WARN_DOCUMENTATION_COMMENTS = YES;
				CLANG_WARN_EMPTY_BODY = YES;
				CLANG_WARN_ENUM_CONVERSION = YES;
				CLANG_WARN_INFINITE_RECURSION = YES;
				CLANG_WARN_INT_CONVERSION = YES;
				CLANG_WARN_NON_LITERAL_NULL_CONVERSION = YES;
				CLANG_WARN_OBJC_LITERAL_CONVERSION = YES;
				CLANG_WARN_OBJC_ROOT_CLASS = YES_ERROR;
				CLANG_WARN_RANGE_LOOP_ANALYSIS = YES;
				CLANG_WARN_STRICT_PROTOTYPES = YES;
				CLANG_WARN_SUSPICIOUS_MOVE = YES;
				CLANG_WARN_UNGUARDED_AVAILABILITY = YES_AGGRESSIVE;
				CLANG_WARN_UNREACHABLE_CODE = YES;
				CLANG_WARN__DUPLICATE_METHOD_MATCH = YES;
				CODE_SIGN_IDENTITY = "iPhone Developer";
				COPY_PHASE_STRIP = NO;
				DEBUG_INFORMATION_FORMAT = "dwarf-with-dsym";
				ENABLE_NS_ASSERTIONS = NO;
				ENABLE_STRICT_OBJC_MSGSEND = YES;
				GCC_C_LANGUAGE_STANDARD = gnu11;
				GCC_NO_COMMON_BLOCKS = YES;
				GCC_WARN_64_TO_32_BIT_CONVERSION = YES;
				GCC_WARN_ABOUT_RETURN_TYPE = YES_ERROR;
				GCC_WARN_UNDECLARED_SELECTOR = YES;
				GCC_WARN_UNINITIALIZED_AUTOS = YES_AGGRESSIVE;
				GCC_WARN_UNUSED_FUNCTION = YES;
				GCC_WARN_UNUSED_VARIABLE = YES;
				IPHONEOS_DEPLOYMENT_TARGET = 11.0;
				MTL_ENABLE_DEBUG_INFO = NO;
				SDKROOT = iphoneos;
				SWIFT_OPTIMIZATION_LEVEL = "-Owholemodule";
				VALIDATE_PRODUCT = YES;
			};
			name = Release;
		};
		076D60D61FB35E1E00FD8980 /* Debug */ = {
			isa = XCBuildConfiguration;
			buildSettings = {
				ASSETCATALOG_COMPILER_APPICON_NAME = AppIcon;
				CODE_SIGN_STYLE = Automatic;
				DEVELOPMENT_TEAM = SAA7T2STQ5;
				INFOPLIST_FILE = QRScanner/Info.plist;
				IPHONEOS_DEPLOYMENT_TARGET = 9.0;
				LD_RUNPATH_SEARCH_PATHS = "$(inherited) @executable_path/Frameworks";
				PRODUCT_BUNDLE_IDENTIFIER = com.habibi.QRScanner;
				PRODUCT_NAME = "$(TARGET_NAME)";
				SWIFT_VERSION = 4.0;
				TARGETED_DEVICE_FAMILY = "1,2";
			};
			name = Debug;
		};
		076D60D71FB35E1E00FD8980 /* Release */ = {
			isa = XCBuildConfiguration;
			buildSettings = {
				ASSETCATALOG_COMPILER_APPICON_NAME = AppIcon;
				CODE_SIGN_STYLE = Automatic;
				DEVELOPMENT_TEAM = SAA7T2STQ5;
				INFOPLIST_FILE = QRScanner/Info.plist;
				IPHONEOS_DEPLOYMENT_TARGET = 9.0;
				LD_RUNPATH_SEARCH_PATHS = "$(inherited) @executable_path/Frameworks";
				PRODUCT_BUNDLE_IDENTIFIER = com.habibi.QRScanner;
				PRODUCT_NAME = "$(TARGET_NAME)";
				SWIFT_VERSION = 4.0;
				TARGETED_DEVICE_FAMILY = "1,2";
			};
			name = Release;
		};
		076D60D91FB35E1E00FD8980 /* Debug */ = {
			isa = XCBuildConfiguration;
			buildSettings = {
				ALWAYS_EMBED_SWIFT_STANDARD_LIBRARIES = YES;
				BUNDLE_LOADER = "$(TEST_HOST)";
				CODE_SIGN_STYLE = Automatic;
				INFOPLIST_FILE = QRScannerTests/Info.plist;
				LD_RUNPATH_SEARCH_PATHS = "$(inherited) @executable_path/Frameworks @loader_path/Frameworks";
				PRODUCT_BUNDLE_IDENTIFIER = com.habibi.QRScannerTests;
				PRODUCT_NAME = "$(TARGET_NAME)";
				SWIFT_VERSION = 4.0;
				TARGETED_DEVICE_FAMILY = "1,2";
				TEST_HOST = "$(BUILT_PRODUCTS_DIR)/QRScanner.app/QRScanner";
			};
			name = Debug;
		};
		076D60DA1FB35E1E00FD8980 /* Release */ = {
			isa = XCBuildConfiguration;
			buildSettings = {
				ALWAYS_EMBED_SWIFT_STANDARD_LIBRARIES = YES;
				BUNDLE_LOADER = "$(TEST_HOST)";
				CODE_SIGN_STYLE = Automatic;
				INFOPLIST_FILE = QRScannerTests/Info.plist;
				LD_RUNPATH_SEARCH_PATHS = "$(inherited) @executable_path/Frameworks @loader_path/Frameworks";
				PRODUCT_BUNDLE_IDENTIFIER = com.habibi.QRScannerTests;
				PRODUCT_NAME = "$(TARGET_NAME)";
				SWIFT_VERSION = 4.0;
				TARGETED_DEVICE_FAMILY = "1,2";
				TEST_HOST = "$(BUILT_PRODUCTS_DIR)/QRScanner.app/QRScanner";
			};
			name = Release;
		};
		076D60DC1FB35E1E00FD8980 /* Debug */ = {
			isa = XCBuildConfiguration;
			buildSettings = {
				ALWAYS_EMBED_SWIFT_STANDARD_LIBRARIES = YES;
				CODE_SIGN_STYLE = Automatic;
				INFOPLIST_FILE = QRScannerUITests/Info.plist;
				LD_RUNPATH_SEARCH_PATHS = "$(inherited) @executable_path/Frameworks @loader_path/Frameworks";
				PRODUCT_BUNDLE_IDENTIFIER = com.habibi.QRScannerUITests;
				PRODUCT_NAME = "$(TARGET_NAME)";
				SWIFT_VERSION = 4.0;
				TARGETED_DEVICE_FAMILY = "1,2";
				TEST_TARGET_NAME = QRScanner;
			};
			name = Debug;
		};
		076D60DD1FB35E1E00FD8980 /* Release */ = {
			isa = XCBuildConfiguration;
			buildSettings = {
				ALWAYS_EMBED_SWIFT_STANDARD_LIBRARIES = YES;
				CODE_SIGN_STYLE = Automatic;
				INFOPLIST_FILE = QRScannerUITests/Info.plist;
				LD_RUNPATH_SEARCH_PATHS = "$(inherited) @executable_path/Frameworks @loader_path/Frameworks";
				PRODUCT_BUNDLE_IDENTIFIER = com.habibi.QRScannerUITests;
				PRODUCT_NAME = "$(TARGET_NAME)";
				SWIFT_VERSION = 4.0;
				TARGETED_DEVICE_FAMILY = "1,2";
				TEST_TARGET_NAME = QRScanner;
			};
			name = Release;
		};
/* End XCBuildConfiguration section */

/* Begin XCConfigurationList section */
		076D60A81FB35E1E00FD8980 /* Build configuration list for PBXProject "QRScanner" */ = {
			isa = XCConfigurationList;
			buildConfigurations = (
				076D60D31FB35E1E00FD8980 /* Debug */,
				076D60D41FB35E1E00FD8980 /* Release */,
			);
			defaultConfigurationIsVisible = 0;
			defaultConfigurationName = Release;
		};
		076D60D51FB35E1E00FD8980 /* Build configuration list for PBXNativeTarget "QRScanner" */ = {
			isa = XCConfigurationList;
			buildConfigurations = (
				076D60D61FB35E1E00FD8980 /* Debug */,
				076D60D71FB35E1E00FD8980 /* Release */,
			);
			defaultConfigurationIsVisible = 0;
			defaultConfigurationName = Release;
		};
		076D60D81FB35E1E00FD8980 /* Build configuration list for PBXNativeTarget "QRScannerTests" */ = {
			isa = XCConfigurationList;
			buildConfigurations = (
				076D60D91FB35E1E00FD8980 /* Debug */,
				076D60DA1FB35E1E00FD8980 /* Release */,
			);
			defaultConfigurationIsVisible = 0;
			defaultConfigurationName = Release;
		};
		076D60DB1FB35E1E00FD8980 /* Build configuration list for PBXNativeTarget "QRScannerUITests" */ = {
			isa = XCConfigurationList;
			buildConfigurations = (
				076D60DC1FB35E1E00FD8980 /* Debug */,
				076D60DD1FB35E1E00FD8980 /* Release */,
			);
			defaultConfigurationIsVisible = 0;
			defaultConfigurationName = Release;
		};
/* End XCConfigurationList section */
	};
	rootObject = 076D60A51FB35E1D00FD8980 /* Project object */;
}
